
Microsoft Visual Studio Solution File, Format Version 12.00
# Visual Studio Version 17
VisualStudioVersion = 17.13.35806.99 d17.13
MinimumVisualStudioVersion = 10.0.40219.1
Project("{888888A0-9F3D-457C-B088-3A5042F75D52}") = "ruutvorrand", "ruutvorrand\ruutvorrand.pyproj", "{AE2B37A3-C575-4C58-A87D-64DA50672833}"
EndProject
Global
	GlobalSection(SolutionConfigurationPlatforms) = preSolution
		Debug|Any CPU = Debug|Any CPU
		Release|Any CPU = Release|Any CPU
	EndGlobalSection
	GlobalSection(ProjectConfigurationPlatforms) = postSolution
		{AE2B37A3-C575-4C58-A87D-64DA50672833}.Debug|Any CPU.ActiveCfg = Debug|Any CPU
		{AE2B37A3-C575-4C58-A87D-64DA50672833}.Release|Any CPU.ActiveCfg = Release|Any CPU
	EndGlobalSection
	GlobalSection(SolutionProperties) = preSolution
		HideSolutionNode = FALSE
	EndGlobalSection
	GlobalSection(ExtensibilityGlobals) = postSolution
		SolutionGuid = {C477E8D5-A329-4B3F-8C5C-383E699134CC}
	EndGlobalSection
EndGlobal
